
Microsoft Visual Studio Solution File, Format Version 12.00
# Visual Studio Version 16
VisualStudioVersion = 16.0.31624.102
MinimumVisualStudioVersion = 10.0.40219.1
Project("{8BC9CEB8-8B4A-11D0-8D11-00A0C91BC942}") = "0516", "0516.vcxproj", "{870A0447-5412-413E-9446-6A2AB7884540}"
EndProject
Global
	GlobalSection(SolutionConfigurationPlatforms) = preSolution
		Debug|x64 = Debug|x64
		Debug|x86 = Debug|x86
		Release|x64 = Release|x64
		Release|x86 = Release|x86
	EndGlobalSection
	GlobalSection(ProjectConfigurationPlatforms) = postSolution
		{870A0447-5412-413E-9446-6A2AB7884540}.Debug|x64.ActiveCfg = Debug|x64
		{870A0447-5412-413E-9446-6A2AB7884540}.Debug|x64.Build.0 = Debug|x64
		{870A0447-5412-413E-9446-6A2AB7884540}.Debug|x86.ActiveCfg = Debug|Win32
		{870A0447-5412-413E-9446-6A2AB7884540}.Debug|x86.Build.0 = Debug|Win32
		{870A0447-5412-413E-9446-6A2AB7884540}.Release|x64.ActiveCfg = Release|x64
		{870A0447-5412-413E-9446-6A2AB7884540}.Release|x64.Build.0 = Release|x64
		{870A0447-5412-413E-9446-6A2AB7884540}.Release|x86.ActiveCfg = Release|Win32
		{870A0447-5412-413E-9446-6A2AB7884540}.Release|x86.Build.0 = Release|Win32
	EndGlobalSection
	GlobalSection(SolutionProperties) = preSolution
		HideSolutionNode = FALSE
	EndGlobalSection
	GlobalSection(ExtensibilityGlobals) = postSolution
		SolutionGuid = {20BF1CC4-8C40-4BDC-B7F5-04B3847FFFFC}
	EndGlobalSection
EndGlobal
