
Microsoft Visual Studio Solution File, Format Version 12.00
# Visual Studio Version 16
VisualStudioVersion = 16.0.31624.102
MinimumVisualStudioVersion = 10.0.40219.1
Project("{8BC9CEB8-8B4A-11D0-8D11-00A0C91BC942}") = "0504 StackAndQueue", "0504 StackAndQueue.vcxproj", "{70F76C97-6123-4CA6-BDFB-28A4DB2BE05A}"
EndProject
Global
	GlobalSection(SolutionConfigurationPlatforms) = preSolution
		Debug|x64 = Debug|x64
		Debug|x86 = Debug|x86
		Release|x64 = Release|x64
		Release|x86 = Release|x86
	EndGlobalSection
	GlobalSection(ProjectConfigurationPlatforms) = postSolution
		{70F76C97-6123-4CA6-BDFB-28A4DB2BE05A}.Debug|x64.ActiveCfg = Debug|x64
		{70F76C97-6123-4CA6-BDFB-28A4DB2BE05A}.Debug|x64.Build.0 = Debug|x64
		{70F76C97-6123-4CA6-BDFB-28A4DB2BE05A}.Debug|x86.ActiveCfg = Debug|Win32
		{70F76C97-6123-4CA6-BDFB-28A4DB2BE05A}.Debug|x86.Build.0 = Debug|Win32
		{70F76C97-6123-4CA6-BDFB-28A4DB2BE05A}.Release|x64.ActiveCfg = Release|x64
		{70F76C97-6123-4CA6-BDFB-28A4DB2BE05A}.Release|x64.Build.0 = Release|x64
		{70F76C97-6123-4CA6-BDFB-28A4DB2BE05A}.Release|x86.ActiveCfg = Release|Win32
		{70F76C97-6123-4CA6-BDFB-28A4DB2BE05A}.Release|x86.Build.0 = Release|Win32
	EndGlobalSection
	GlobalSection(SolutionProperties) = preSolution
		HideSolutionNode = FALSE
	EndGlobalSection
	GlobalSection(ExtensibilityGlobals) = postSolution
		SolutionGuid = {FF99CC50-05FB-442F-AB49-0451A03306C0}
	EndGlobalSection
EndGlobal
